
Microsoft Visual Studio Solution File, Format Version 12.00
# Visual Studio Version 17
VisualStudioVersion = 17.14.36429.23 d17.14
MinimumVisualStudioVersion = 10.0.40219.1
Project("{8BC9CEB8-8B4A-11D0-8D11-00A0C91BC942}") = "course", "course\course.vcxproj", "{22F673D2-B76D-4810-82B7-7D0045A1F93F}"
EndProject
Global
	GlobalSection(SolutionConfigurationPlatforms) = preSolution
		Debug|x64 = Debug|x64
		Debug|x86 = Debug|x86
		Release|x64 = Release|x64
		Release|x86 = Release|x86
	EndGlobalSection
	GlobalSection(ProjectConfigurationPlatforms) = postSolution
		{22F673D2-B76D-4810-82B7-7D0045A1F93F}.Debug|x64.ActiveCfg = Debug|x64
		{22F673D2-B76D-4810-82B7-7D0045A1F93F}.Debug|x64.Build.0 = Debug|x64
		{22F673D2-B76D-4810-82B7-7D0045A1F93F}.Debug|x86.ActiveCfg = Debug|Win32
		{22F673D2-B76D-4810-82B7-7D0045A1F93F}.Debug|x86.Build.0 = Debug|Win32
		{22F673D2-B76D-4810-82B7-7D0045A1F93F}.Release|x64.ActiveCfg = Release|x64
		{22F673D2-B76D-4810-82B7-7D0045A1F93F}.Release|x64.Build.0 = Release|x64
		{22F673D2-B76D-4810-82B7-7D0045A1F93F}.Release|x86.ActiveCfg = Release|Win32
		{22F673D2-B76D-4810-82B7-7D0045A1F93F}.Release|x86.Build.0 = Release|Win32
	EndGlobalSection
	GlobalSection(SolutionProperties) = preSolution
		HideSolutionNode = FALSE
	EndGlobalSection
	GlobalSection(ExtensibilityGlobals) = postSolution
		SolutionGuid = {33BB694F-3DA7-485B-A552-66E30604C849}
	EndGlobalSection
EndGlobal
